
Microsoft Visual Studio Solution File, Format Version 12.00
# Visual Studio Version 17
VisualStudioVersion = 17.5.33530.505
MinimumVisualStudioVersion = 10.0.40219.1
Project("{FAE04EC0-301F-11D3-BF4B-00C04F79EFBC}") = "VX0r", "VX0r\VX0r.csproj", "{D7EE2FAD-2E8A-4416-8900-40E88162E68F}"
EndProject
Global
	GlobalSection(SolutionConfigurationPlatforms) = preSolution
		Debug|Any CPU = Debug|Any CPU
		Release|Any CPU = Release|Any CPU
	EndGlobalSection
	GlobalSection(ProjectConfigurationPlatforms) = postSolution
		{D7EE2FAD-2E8A-4416-8900-40E88162E68F}.Debug|Any CPU.ActiveCfg = Debug|Any CPU
		{D7EE2FAD-2E8A-4416-8900-40E88162E68F}.Debug|Any CPU.Build.0 = Debug|Any CPU
		{D7EE2FAD-2E8A-4416-8900-40E88162E68F}.Release|Any CPU.ActiveCfg = Release|Any CPU
		{D7EE2FAD-2E8A-4416-8900-40E88162E68F}.Release|Any CPU.Build.0 = Release|Any CPU
	EndGlobalSection
	GlobalSection(SolutionProperties) = preSolution
		HideSolutionNode = FALSE
	EndGlobalSection
	GlobalSection(ExtensibilityGlobals) = postSolution
		SolutionGuid = {7699C4E0-0A29-4776-87DC-FA9CBBD916C5}
	EndGlobalSection
EndGlobal
